Microsoft Visual Studio Solution File, Format Version 12.00
# Visual Studio Version 17
VisualStudioVersion = 17.0.31903.59
MinimumVisualStudioVersion = 10.0.40219.1
Project("{FAE04EC0-301F-11D3-BF4B-00C04F79EFBC}") = "Again.Core", "src\Again.Core\Again.Core.csproj", "{7D226AB9-72E9-4D63-9D48-E5A3C6576C18}"
EndProject
Project("{FAE04EC0-301F-11D3-BF4B-00C04F79EFBC}") = "Again.Windows", "src\Again.Windows\Again.Windows.csproj", "{5EC41634-4BB7-4DFA-A8ED-CDB25CDDD727}"
EndProject
Project("{FAE04EC0-301F-11D3-BF4B-00C04F79EFBC}") = "Again.App", "src\Again.App\Again.App.csproj", "{63EA476A-E310-4D1F-96D7-F3D03D74D04C}"
EndProject
Project("{FAE04EC0-301F-11D3-BF4B-00C04F79EFBC}") = "Again.SmokeTests", "tests\Again.SmokeTests\Again.SmokeTests.csproj", "{EC1ED2C1-BD39-49E4-B225-CA20227C7840}"
EndProject
Global
  GlobalSection(SolutionConfigurationPlatforms) = preSolution
    Debug|Any CPU = Debug|Any CPU
    Release|Any CPU = Release|Any CPU
  EndGlobalSection
  GlobalSection(ProjectConfigurationPlatforms) = postSolution
    {7D226AB9-72E9-4D63-9D48-E5A3C6576C18}.Debug|Any CPU.ActiveCfg = Debug|Any CPU
    {7D226AB9-72E9-4D63-9D48-E5A3C6576C18}.Debug|Any CPU.Build.0 = Debug|Any CPU
    {7D226AB9-72E9-4D63-9D48-E5A3C6576C18}.Release|Any CPU.ActiveCfg = Release|Any CPU
    {7D226AB9-72E9-4D63-9D48-E5A3C6576C18}.Release|Any CPU.Build.0 = Release|Any CPU
    {5EC41634-4BB7-4DFA-A8ED-CDB25CDDD727}.Debug|Any CPU.ActiveCfg = Debug|Any CPU
    {5EC41634-4BB7-4DFA-A8ED-CDB25CDDD727}.Debug|Any CPU.Build.0 = Debug|Any CPU
    {5EC41634-4BB7-4DFA-A8ED-CDB25CDDD727}.Release|Any CPU.ActiveCfg = Release|Any CPU
    {5EC41634-4BB7-4DFA-A8ED-CDB25CDDD727}.Release|Any CPU.Build.0 = Release|Any CPU
    {63EA476A-E310-4D1F-96D7-F3D03D74D04C}.Debug|Any CPU.ActiveCfg = Debug|Any CPU
    {63EA476A-E310-4D1F-96D7-F3D03D74D04C}.Debug|Any CPU.Build.0 = Debug|Any CPU
    {63EA476A-E310-4D1F-96D7-F3D03D74D04C}.Release|Any CPU.ActiveCfg = Release|Any CPU
    {63EA476A-E310-4D1F-96D7-F3D03D74D04C}.Release|Any CPU.Build.0 = Release|Any CPU
    {EC1ED2C1-BD39-49E4-B225-CA20227C7840}.Debug|Any CPU.ActiveCfg = Debug|Any CPU
    {EC1ED2C1-BD39-49E4-B225-CA20227C7840}.Debug|Any CPU.Build.0 = Debug|Any CPU
    {EC1ED2C1-BD39-49E4-B225-CA20227C7840}.Release|Any CPU.ActiveCfg = Release|Any CPU
    {EC1ED2C1-BD39-49E4-B225-CA20227C7840}.Release|Any CPU.Build.0 = Release|Any CPU
  EndGlobalSection
EndGlobal
